
Microsoft Visual Studio Solution File, Format Version 12.00
# Visual Studio 15
VisualStudioVersion = 15.0.28307.852
MinimumVisualStudioVersion = 10.0.40219.1
Project("{FAE04EC0-301F-11D3-BF4B-00C04F79EFBC}") = "PCApplication", "PCApplication\PCApplication.csproj", "{426D4510-0AD7-4979-A924-5975FF305A85}"
EndProject
Project("{FAE04EC0-301F-11D3-BF4B-00C04F79EFBC}") = "PCApplicationTests", "PCApplicationTests\PCApplicationTests.csproj", "{22C8F1FB-1D14-42DF-8192-DCAF1477835A}"
EndProject
Global
	GlobalSection(SolutionConfigurationPlatforms) = preSolution
		Debug|ARM = Debug|ARM
		Debug|ARM64 = Debug|ARM64
		Debug|x64 = Debug|x64
		Debug|x86 = Debug|x86
		Release|ARM = Release|ARM
		Release|ARM64 = Release|ARM64
		Release|x64 = Release|x64
		Release|x86 = Release|x86
	EndGlobalSection
	GlobalSection(ProjectConfigurationPlatforms) = postSolution
		{426D4510-0AD7-4979-A924-5975FF305A85}.Debug|ARM.ActiveCfg = Debug|ARM
		{426D4510-0AD7-4979-A924-5975FF305A85}.Debug|ARM.Build.0 = Debug|ARM
		{426D4510-0AD7-4979-A924-5975FF305A85}.Debug|ARM.Deploy.0 = Debug|ARM
		{426D4510-0AD7-4979-A924-5975FF305A85}.Debug|ARM64.ActiveCfg = Debug|ARM64
		{426D4510-0AD7-4979-A924-5975FF305A85}.Debug|ARM64.Build.0 = Debug|ARM64
		{426D4510-0AD7-4979-A924-5975FF305A85}.Debug|ARM64.Deploy.0 = Debug|ARM64
		{426D4510-0AD7-4979-A924-5975FF305A85}.Debug|x64.ActiveCfg = Debug|x64
		{426D4510-0AD7-4979-A924-5975FF305A85}.Debug|x64.Build.0 = Debug|x64
		{426D4510-0AD7-4979-A924-5975FF305A85}.Debug|x64.Deploy.0 = Debug|x64
		{426D4510-0AD7-4979-A924-5975FF305A85}.Debug|x86.ActiveCfg = Debug|x86
		{426D4510-0AD7-4979-A924-5975FF305A85}.Debug|x86.Build.0 = Debug|x86
		{426D4510-0AD7-4979-A924-5975FF305A85}.Debug|x86.Deploy.0 = Debug|x86
		{426D4510-0AD7-4979-A924-5975FF305A85}.Release|ARM.ActiveCfg = Release|ARM
		{426D4510-0AD7-4979-A924-5975FF305A85}.Release|ARM.Build.0 = Release|ARM
		{426D4510-0AD7-4979-A924-5975FF305A85}.Release|ARM.Deploy.0 = Release|ARM
		{426D4510-0AD7-4979-A924-5975FF305A85}.Release|ARM64.ActiveCfg = Release|ARM64
		{426D4510-0AD7-4979-A924-5975FF305A85}.Release|ARM64.Build.0 = Release|ARM64
		{426D4510-0AD7-4979-A924-5975FF305A85}.Release|ARM64.Deploy.0 = Release|ARM64
		{426D4510-0AD7-4979-A924-5975FF305A85}.Release|x64.ActiveCfg = Release|x64
		{426D4510-0AD7-4979-A924-5975FF305A85}.Release|x64.Build.0 = Release|x64
		{426D4510-0AD7-4979-A924-5975FF305A85}.Release|x64.Deploy.0 = Release|x64
		{426D4510-0AD7-4979-A924-5975FF305A85}.Release|x86.ActiveCfg = Release|x86
		{426D4510-0AD7-4979-A924-5975FF305A85}.Release|x86.Build.0 = Release|x86
		{426D4510-0AD7-4979-A924-5975FF305A85}.Release|x86.Deploy.0 = Release|x86
		{22C8F1FB-1D14-42DF-8192-DCAF1477835A}.Debug|ARM.ActiveCfg = Debug|ARM
		{22C8F1FB-1D14-42DF-8192-DCAF1477835A}.Debug|ARM.Build.0 = Debug|ARM
		{22C8F1FB-1D14-42DF-8192-DCAF1477835A}.Debug|ARM.Deploy.0 = Debug|ARM
		{22C8F1FB-1D14-42DF-8192-DCAF1477835A}.Debug|ARM64.ActiveCfg = Debug|ARM64
		{22C8F1FB-1D14-42DF-8192-DCAF1477835A}.Debug|ARM64.Build.0 = Debug|ARM64
		{22C8F1FB-1D14-42DF-8192-DCAF1477835A}.Debug|ARM64.Deploy.0 = Debug|ARM64
		{22C8F1FB-1D14-42DF-8192-DCAF1477835A}.Debug|x64.ActiveCfg = Debug|x64
		{22C8F1FB-1D14-42DF-8192-DCAF1477835A}.Debug|x64.Build.0 = Debug|x64
		{22C8F1FB-1D14-42DF-8192-DCAF1477835A}.Debug|x64.Deploy.0 = Debug|x64
		{22C8F1FB-1D14-42DF-8192-DCAF1477835A}.Debug|x86.ActiveCfg = Debug|x86
		{22C8F1FB-1D14-42DF-8192-DCAF1477835A}.Debug|x86.Build.0 = Debug|x86
		{22C8F1FB-1D14-42DF-8192-DCAF1477835A}.Debug|x86.Deploy.0 = Debug|x86
		{22C8F1FB-1D14-42DF-8192-DCAF1477835A}.Release|ARM.ActiveCfg = Release|ARM
		{22C8F1FB-1D14-42DF-8192-DCAF1477835A}.Release|ARM.Build.0 = Release|ARM
		{22C8F1FB-1D14-42DF-8192-DCAF1477835A}.Release|ARM.Deploy.0 = Release|ARM
		{22C8F1FB-1D14-42DF-8192-DCAF1477835A}.Release|ARM64.ActiveCfg = Release|ARM64
		{22C8F1FB-1D14-42DF-8192-DCAF1477835A}.Release|ARM64.Build.0 = Release|ARM64
		{22C8F1FB-1D14-42DF-8192-DCAF1477835A}.Release|ARM64.Deploy.0 = Release|ARM64
		{22C8F1FB-1D14-42DF-8192-DCAF1477835A}.Release|x64.ActiveCfg = Release|x64
		{22C8F1FB-1D14-42DF-8192-DCAF1477835A}.Release|x64.Build.0 = Release|x64
		{22C8F1FB-1D14-42DF-8192-DCAF1477835A}.Release|x64.Deploy.0 = Release|x64
		{22C8F1FB-1D14-42DF-8192-DCAF1477835A}.Release|x86.ActiveCfg = Release|x86
		{22C8F1FB-1D14-42DF-8192-DCAF1477835A}.Release|x86.Build.0 = Release|x86
		{22C8F1FB-1D14-42DF-8192-DCAF1477835A}.Release|x86.Deploy.0 = Release|x86
	EndGlobalSection
	GlobalSection(SolutionProperties) = preSolution
		HideSolutionNode = FALSE
	EndGlobalSection
	GlobalSection(ExtensibilityGlobals) = postSolution
		SolutionGuid = {4AB1126B-4223-4A48-B4BB-BEFD5C9E283E}
	EndGlobalSection
EndGlobal
